schema: '2.0'
stages:
  prepare:
    cmd: python src/prepare.py
    deps:
    - path: data/raw
      hash: md5
      md5: 1a1afce5e1509cad31bc393763559719.dir
      size: 106557162
      nfiles: 13396
    - path: src/prepare.py
      hash: md5
      md5: ef804f358e00edcfe52c865b471f8f55
      size: 1231
    outs:
    - path: data/prepared/test.csv
      hash: md5
      md5: 236628a6c9feed1c476b74beada299ca
      size: 91216
    - path: data/prepared/train.csv
      hash: md5
      md5: cf38063c2cb0ca0bb5117ceacf7ef730
      size: 225835
  train:
    cmd: python src/train.py
    deps:
    - path: data/prepared/train.csv
      hash: md5
      md5: cf38063c2cb0ca0bb5117ceacf7ef730
      size: 225835
    - path: src/train.py
      hash: md5
      md5: 247c7240139629c64dbc24e688304fc4
      size: 1469
    outs:
    - path: model/model.joblib
      hash: md5
      md5: a16b17cba73d22f9a5045380a7331f99
      size: 1853017
  evaluate:
    cmd: python src/evaluate.py
    deps:
    - path: data/prepared/test.csv
      hash: md5
      md5: 236628a6c9feed1c476b74beada299ca
      size: 91216
    - path: model/model.joblib
      hash: md5
      md5: a16b17cba73d22f9a5045380a7331f99
      size: 1853017
    - path: src/evaluate.py
      hash: md5
      md5: b197277667d6269271fff4ae4af8a941
      size: 645
    outs:
    - path: metrics/accuracy.json
      hash: md5
      md5: 6fc3100ccb6e799bf6ea6a21eb6dc1e1
      size: 32
